// !$*UTF8*$!
{
	archiveVersion = 1;
	classes = {
	};
	objectVersion = 46;
	objects = {

/* Begin PBXBuildFile section */
		953BCCCB1F1C87C500377512 /* AppDelegate.swift in Sources */ = {isa = PBXBuildFile; fileRef = 953BCCCA1F1C87C500377512 /* AppDelegate.swift */; };
		953BCCCD1F1C87C500377512 /* ViewController.swift in Sources */ = {isa = PBXBuildFile; fileRef = 953BCCCC1F1C87C500377512 /* ViewController.swift */; };
		953BCCD01F1C87C500377512 /* Main.storyboard in Resources */ = {isa = PBXBuildFile; fileRef = 953BCCCE1F1C87C500377512 /* Main.storyboard */; };
		953BCCD21F1C87C500377512 /* Assets.xcassets in Resources */ = {isa = PBXBuildFile; fileRef = 953BCCD11F1C87C500377512 /* Assets.xcassets */; };
		953BCCD51F1C87C500377512 /* LaunchScreen.storyboard in Resources */ = {isa = PBXBuildFile; fileRef = 953BCCD31F1C87C500377512 /* LaunchScreen.storyboard */; };
		953BCCDD1F1C8C6500377512 /* ResultViewController.swift in Sources */ = {isa = PBXBuildFile; fileRef = 953BCCDC1F1C8C6500377512 /* ResultViewController.swift */; };
		95B7D9141F588BD600ED44F4 /* GoogleService-Info.plist in Resources */ = {isa = PBXBuildFile; fileRef = 95B7D9131F588BD600ED44F4 /* GoogleService-Info.plist */; };
		CF775A075DE4F0955B2F3462 /* Pods_TaxSystem.framework in Frameworks */ = {isa = PBXBuildFile; fileRef = B3263C8E219857C181ACAD7C /* Pods_TaxSystem.framework */; };
/* End PBXBuildFile section */

/* Begin PBXFileReference section */
		953BCCC71F1C87C500377512 /* TaxSystem.app */ = {isa = PBXFileReference; explicitFileType = wrapper.application; includeInIndex = 0; path = TaxSystem.app; sourceTree = BUILT_PRODUCTS_DIR; };
		953BCCCA1F1C87C500377512 /* AppDelegate.swift */ = {isa = PBXFileReference; lastKnownFileType = sourcecode.swift; path = AppDelegate.swift; sourceTree = "<group>"; };
		953BCCCC1F1C87C500377512 /* ViewController.swift */ = {isa = PBXFileReference; lastKnownFileType = sourcecode.swift; path = ViewController.swift; sourceTree = "<group>"; };
		953BCCCF1F1C87C500377512 /* Base */ = {isa = PBXFileReference; lastKnownFileType = file.storyboard; name = Base; path = Base.lproj/Main.storyboard; sourceTree = "<group>"; };
		953BCCD11F1C87C500377512 /* Assets.xcassets */ = {isa = PBXFileReference; lastKnownFileType = folder.assetcatalog; path = Assets.xcassets; sourceTree = "<group>"; };
		953BCCD41F1C87C500377512 /* Base */ = {isa = PBXFileReference; lastKnownFileType = file.storyboard; name = Base; path = Base.lproj/LaunchScreen.storyboard; sourceTree = "<group>"; };
		953BCCD61F1C87C500377512 /* Info.plist */ = {isa = PBXFileReference; lastKnownFileType = text.plist.xml; path = Info.plist; sourceTree = "<group>"; };
		953BCCDC1F1C8C6500377512 /* ResultViewController.swift */ = {isa = PBXFileReference; fileEncoding = 4; lastKnownFileType = sourcecode.swift; path = ResultViewController.swift; sourceTree = "<group>"; };
		95B7D9131F588BD600ED44F4 /* GoogleService-Info.plist */ = {isa = PBXFileReference; fileEncoding = 4; lastKnownFileType = text.plist.xml; path = "GoogleService-Info.plist"; sourceTree = "<group>"; };
		B257CC8DE932499963645D6B /* Pods-TaxSystem.debug.xcconfig */ = {isa = PBXFileReference; includeInIndex = 1; lastKnownFileType = text.xcconfig; name = "Pods-TaxSystem.debug.xcconfig"; path = "Pods/Target Support Files/Pods-TaxSystem/Pods-TaxSystem.debug.xcconfig"; sourceTree = "<group>"; };
		B3263C8E219857C181ACAD7C /* Pods_TaxSystem.framework */ = {isa = PBXFileReference; explicitFileType = wrapper.framework; includeInIndex = 0; path = Pods_TaxSystem.framework; sourceTree = BUILT_PRODUCTS_DIR; };
		FC5888C493E6C4A7B4142C17 /* Pods-TaxSystem.release.xcconfig */ = {isa = PBXFileReference; includeInIndex = 1; lastKnownFileType = text.xcconfig; name = "Pods-TaxSystem.release.xcconfig"; path = "Pods/Target Support Files/Pods-TaxSystem/Pods-TaxSystem.release.xcconfig"; sourceTree = "<group>"; };
/* End PBXFileReference section */

/* Begin PBXFrameworksBuildPhase section */
		953BCCC41F1C87C500377512 /* Frameworks */ = {
			isa = PBXFrameworksBuildPhase;
			buildActionMask = 2147483647;
			files = (
				CF775A075DE4F0955B2F3462 /* Pods_TaxSystem.framework in Frameworks */,
			);
			runOnlyForDeploymentPostprocessing = 0;
		};
/* End PBXFrameworksBuildPhase section */

/* Begin PBXGroup section */
		368B21EB6DF4B007E4C67DA9 /* Frameworks */ = {
			isa = PBXGroup;
			children = (
				B3263C8E219857C181ACAD7C /* Pods_TaxSystem.framework */,
			);
			name = Frameworks;
			sourceTree = "<group>";
		};
		953BCCBE1F1C87C500377512 = {
			isa = PBXGroup;
			children = (
				953BCCC91F1C87C500377512 /* TaxSystem */,
				953BCCC81F1C87C500377512 /* Products */,
				E36247176924F548E6083430 /* Pods */,
				368B21EB6DF4B007E4C67DA9 /* Frameworks */,
			);
			sourceTree = "<group>";
		};
		953BCCC81F1C87C500377512 /* Products */ = {
			isa = PBXGroup;
			children = (
				953BCCC71F1C87C500377512 /* TaxSystem.app */,
			);
			name = Products;
			sourceTree = "<group>";
		};
		953BCCC91F1C87C500377512 /* TaxSystem */ = {
			isa = PBXGroup;
			children = (
				953BCCCA1F1C87C500377512 /* AppDelegate.swift */,
				953BCCCC1F1C87C500377512 /* ViewController.swift */,
				953BCCDC1F1C8C6500377512 /* ResultViewController.swift */,
				953BCCCE1F1C87C500377512 /* Main.storyboard */,
				953BCCD11F1C87C500377512 /* Assets.xcassets */,
				953BCCD31F1C87C500377512 /* LaunchScreen.storyboard */,
				95B7D9131F588BD600ED44F4 /* GoogleService-Info.plist */,
				953BCCD61F1C87C500377512 /* Info.plist */,
			);
			path = TaxSystem;
			sourceTree = "<group>";
		};
		E36247176924F548E6083430 /* Pods */ = {
			isa = PBXGroup;
			children = (
				B257CC8DE932499963645D6B /* Pods-TaxSystem.debug.xcconfig */,
				FC5888C493E6C4A7B4142C17 /* Pods-TaxSystem.release.xcconfig */,
			);
			name = Pods;
			sourceTree = "<group>";
		};
/* End PBXGroup section */

/* Begin PBXNativeTarget section */
		953BCCC61F1C87C500377512 /* TaxSystem */ = {
			isa = PBXNativeTarget;
			buildConfigurationList = 953BCCD91F1C87C500377512 /* Build configuration list for PBXNativeTarget "TaxSystem" */;
			buildPhases = (
				8529F2217AFEBB2D088BE30C /* [CP] Check Pods Manifest.lock */,
				953BCCC31F1C87C500377512 /* Sources */,
				953BCCC41F1C87C500377512 /* Frameworks */,
				953BCCC51F1C87C500377512 /* Resources */,
				C4CCCD5AB7A13CD7D80EE2EF /* [CP] Embed Pods Frameworks */,
				E2A7C439CC82247AA206B2F3 /* [CP] Copy Pods Resources */,
			);
			buildRules = (
			);
			dependencies = (
			);
			name = TaxSystem;
			productName = TaxSystem;
			productReference = 953BCCC71F1C87C500377512 /* TaxSystem.app */;
			productType = "com.apple.product-type.application";
		};
/* End PBXNativeTarget section */

/* Begin PBXProject section */
		953BCCBF1F1C87C500377512 /* Project object */ = {
			isa = PBXProject;
			attributes = {
				LastSwiftUpdateCheck = 0830;
				LastUpgradeCheck = 0830;
				ORGANIZATIONNAME = Anna;
				TargetAttributes = {
					953BCCC61F1C87C500377512 = {
						CreatedOnToolsVersion = 8.3.2;
						DevelopmentTeam = X8E2R8HQQL;
						ProvisioningStyle = Automatic;
					};
				};
			};
			buildConfigurationList = 953BCCC21F1C87C500377512 /* Build configuration list for PBXProject "TaxSystem" */;
			compatibilityVersion = "Xcode 3.2";
			developmentRegion = English;
			hasScannedForEncodings = 0;
			knownRegions = (
				en,
				Base,
			);
			mainGroup = 953BCCBE1F1C87C500377512;
			productRefGroup = 953BCCC81F1C87C500377512 /* Products */;
			projectDirPath = "";
			projectRoot = "";
			targets = (
				953BCCC61F1C87C500377512 /* TaxSystem */,
			);
		};
/* End PBXProject section */

/* Begin PBXResourcesBuildPhase section */
		953BCCC51F1C87C500377512 /* Resources */ = {
			isa = PBXResourcesBuildPhase;
			buildActionMask = 2147483647;
			files = (
				953BCCD51F1C87C500377512 /* LaunchScreen.storyboard in Resources */,
				953BCCD21F1C87C500377512 /* Assets.xcassets in Resources */,
				953BCCD01F1C87C500377512 /* Main.storyboard in Resources */,
				95B7D9141F588BD600ED44F4 /* GoogleService-Info.plist in Resources */,
			);
			runOnlyForDeploymentPostprocessing = 0;
		};
/* End PBXResourcesBuildPhase section */

/* Begin PBXShellScriptBuildPhase section */
		8529F2217AFEBB2D088BE30C /* [CP] Check Pods Manifest.lock */ = {
			isa = PBXShellScriptBuildPhase;
			buildActionMask = 2147483647;
			files = (
			);
			inputPaths = (
			);
			name = "[CP] Check Pods Manifest.lock";
			outputPaths = (
			);
			runOnlyForDeploymentPostprocessing = 0;
			shellPath = /bin/sh;
			shellScript = "diff \"${PODS_PODFILE_DIR_PATH}/Podfile.lock\" \"${PODS_ROOT}/Manifest.lock\" > /dev/null\nif [ $? != 0 ] ; then\n    # print error to STDERR\n    echo \"error: The sandbox is not in sync with the Podfile.lock. Run 'pod install' or update your CocoaPods installation.\" >&2\n    exit 1\nfi\n";
			showEnvVarsInLog = 0;
		};
		C4CCCD5AB7A13CD7D80EE2EF /* [CP] Embed Pods Frameworks */ = {
			isa = PBXShellScriptBuildPhase;
			buildActionMask = 2147483647;
			files = (
			);
			inputPaths = (
			);
			name = "[CP] Embed Pods Frameworks";
			outputPaths = (
			);
			runOnlyForDeploymentPostprocessing = 0;
			shellPath = /bin/sh;
			shellScript = "\"${SRCROOT}/Pods/Target Support Files/Pods-TaxSystem/Pods-TaxSystem-frameworks.sh\"\n";
			showEnvVarsInLog = 0;
		};
		E2A7C439CC82247AA206B2F3 /* [CP] Copy Pods Resources */ = {
			isa = PBXShellScriptBuildPhase;
			buildActionMask = 2147483647;
			files = (
			);
			inputPaths = (
			);
			name = "[CP] Copy Pods Resources";
			outputPaths = (
			);
			runOnlyForDeploymentPostprocessing = 0;
			shellPath = /bin/sh;
			shellScript = "\"${SRCROOT}/Pods/Target Support Files/Pods-TaxSystem/Pods-TaxSystem-resources.sh\"\n";
			showEnvVarsInLog = 0;
		};
/* End PBXShellScriptBuildPhase section */

/* Begin PBXSourcesBuildPhase section */
		953BCCC31F1C87C500377512 /* Sources */ = {
			isa = PBXSourcesBuildPhase;
			buildActionMask = 2147483647;
			files = (
				953BCCCD1F1C87C500377512 /* ViewController.swift in Sources */,
				953BCCCB1F1C87C500377512 /* AppDelegate.swift in Sources */,
				953BCCDD1F1C8C6500377512 /* ResultViewController.swift in Sources */,
			);
			runOnlyForDeploymentPostprocessing = 0;
		};
/* End PBXSourcesBuildPhase section */

/* Begin PBXVariantGroup section */
		953BCCCE1F1C87C500377512 /* Main.storyboard */ = {
			isa = PBXVariantGroup;
			children = (
				953BCCCF1F1C87C500377512 /* Base */,
			);
			name = Main.storyboard;
			sourceTree = "<group>";
		};
		953BCCD31F1C87C500377512 /* LaunchScreen.storyboard */ = {
			isa = PBXVariantGroup;
			children = (
				953BCCD41F1C87C500377512 /* Base */,
			);
			name = LaunchScreen.storyboard;
			sourceTree = "<group>";
		};
/* End PBXVariantGroup section */

/* Begin XCBuildConfiguration section */
		953BCCD71F1C87C500377512 /* Debug */ = {
			isa = XCBuildConfiguration;
			buildSettings = {
				ALWAYS_SEARCH_USER_PATHS = NO;
				CLANG_ANALYZER_NONNULL = YES;
				CLANG_ANALYZER_NUMBER_OBJECT_CONVERSION = YES_AGGRESSIVE;
				CLANG_CXX_LANGUAGE_STANDARD = "gnu++0x";
				CLANG_CXX_LIBRARY = "libc++";
				CLANG_ENABLE_MODULES = YES;
				CLANG_ENABLE_OBJC_ARC = YES;
				CLANG_WARN_BOOL_CONVERSION = YES;
				CLANG_WARN_CONSTANT_CONVERSION = YES;
				CLANG_WARN_DIRECT_OBJC_ISA_USAGE = YES_ERROR;
				CLANG_WARN_DOCUMENTATION_COMMENTS = YES;
				CLANG_WARN_EMPTY_BODY = YES;
				CLANG_WARN_ENUM_CONVERSION = YES;
				CLANG_WARN_INFINITE_RECURSION = YES;
				CLANG_WARN_INT_CONVERSION = YES;
				CLANG_WARN_OBJC_ROOT_CLASS = YES_ERROR;
				CLANG_WARN_SUSPICIOUS_MOVE = YES;
				CLANG_WARN_UNREACHABLE_CODE = YES;
				CLANG_WARN__DUPLICATE_METHOD_MATCH = YES;
				"CODE_SIGN_IDENTITY[sdk=iphoneos*]" = "iPhone Developer";
				COPY_PHASE_STRIP = NO;
				DEBUG_INFORMATION_FORMAT = dwarf;
				ENABLE_STRICT_OBJC_MSGSEND = YES;
				ENABLE_TESTABILITY = YES;
				GCC_C_LANGUAGE_STANDARD = gnu99;
				GCC_DYNAMIC_NO_PIC = NO;
				GCC_NO_COMMON_BLOCKS = YES;
				GCC_OPTIMIZATION_LEVEL = 0;
				GCC_PREPROCESSOR_DEFINITIONS = (
					"DEBUG=1",
					"$(inherited)",
				);
				GCC_WARN_64_TO_32_BIT_CONVERSION = YES;
				GCC_WARN_ABOUT_RETURN_TYPE = YES_ERROR;
				GCC_WARN_UNDECLARED_SELECTOR = YES;
				GCC_WARN_UNINITIALIZED_AUTOS = YES_AGGRESSIVE;
				GCC_WARN_UNUSED_FUNCTION = YES;
				GCC_WARN_UNUSED_VARIABLE = YES;
				IPHONEOS_DEPLOYMENT_TARGET = 9.0;
				MTL_ENABLE_DEBUG_INFO = YES;
				ONLY_ACTIVE_ARCH = YES;
				SDKROOT = iphoneos;
				SWIFT_ACTIVE_COMPILATION_CONDITIONS = DEBUG;
				SWIFT_OPTIMIZATION_LEVEL = "-Onone";
			};
			name = Debug;
		};
		953BCCD81F1C87C500377512 /* Release */ = {
			isa = XCBuildConfiguration;
			buildSettings = {
				ALWAYS_SEARCH_USER_PATHS = NO;
				CLANG_ANALYZER_NONNULL = YES;
				CLANG_ANALYZER_NUMBER_OBJECT_CONVERSION = YES_AGGRESSIVE;
				CLANG_CXX_LANGUAGE_STANDARD = "gnu++0x";
				CLANG_CXX_LIBRARY = "libc++";
				CLANG_ENABLE_MODULES = YES;
				CLANG_ENABLE_OBJC_ARC = YES;
				CLANG_WARN_BOOL_CONVERSION = YES;
				CLANG_WARN_CONSTANT_CONVERSION = YES;
				CLANG_WARN_DIRECT_OBJC_ISA_USAGE = YES_ERROR;
				CLANG_WARN_DOCUMENTATION_COMMENTS = YES;
				CLANG_WARN_EMPTY_BODY = YES;
				CLANG_WARN_ENUM_CONVERSION = YES;
				CLANG_WARN_INFINITE_RECURSION = YES;
				CLANG_WARN_INT_CONVERSION = YES;
				CLANG_WARN_OBJC_ROOT_CLASS = YES_ERROR;
				CLANG_WARN_SUSPICIOUS_MOVE = YES;
				CLANG_WARN_UNREACHABLE_CODE = YES;
				CLANG_WARN__DUPLICATE_METHOD_MATCH = YES;
				"CODE_SIGN_IDENTITY[sdk=iphoneos*]" = "iPhone Developer";
				COPY_PHASE_STRIP = NO;
				DEBUG_INFORMATION_FORMAT = "dwarf-with-dsym";
				ENABLE_NS_ASSERTIONS = NO;
				ENABLE_STRICT_OBJC_MSGSEND = YES;
				GCC_C_LANGUAGE_STANDARD = gnu99;
				GCC_NO_COMMON_BLOCKS = YES;
				GCC_WARN_64_TO_32_BIT_CONVERSION = YES;
				GCC_WARN_ABOUT_RETURN_TYPE = YES_ERROR;
				GCC_WARN_UNDECLARED_SELECTOR = YES;
				GCC_WARN_UNINITIALIZED_AUTOS = YES_AGGRESSIVE;
				GCC_WARN_UNUSED_FUNCTION = YES;
				GCC_WARN_UNUSED_VARIABLE = YES;
				IPHONEOS_DEPLOYMENT_TARGET = 9.0;
				MTL_ENABLE_DEBUG_INFO = NO;
				SDKROOT = iphoneos;
				SWIFT_OPTIMIZATION_LEVEL = "-Owholemodule";
				VALIDATE_PRODUCT = YES;
			};
			name = Release;
		};
		953BCCDA1F1C87C500377512 /* Debug */ = {
			isa = XCBuildConfiguration;
			baseConfigurationReference = B257CC8DE932499963645D6B /* Pods-TaxSystem.debug.xcconfig */;
			buildSettings = {
				ASSETCATALOG_COMPILER_APPICON_NAME = AppIcon;
				DEVELOPMENT_TEAM = X8E2R8HQQL;
				INFOPLIST_FILE = TaxSystem/Info.plist;
				LD_RUNPATH_SEARCH_PATHS = "$(inherited) @executable_path/Frameworks";
				PRODUCT_BUNDLE_IDENTIFIER = "A-Lime-Studio.TaxSystem";
				PRODUCT_NAME = "$(TARGET_NAME)";
				SWIFT_VERSION = 3.0;
				TARGETED_DEVICE_FAMILY = "1,2";
			};
			name = Debug;
		};
		953BCCDB1F1C87C500377512 /* Release */ = {
			isa = XCBuildConfiguration;
			baseConfigurationReference = FC5888C493E6C4A7B4142C17 /* Pods-TaxSystem.release.xcconfig */;
			buildSettings = {
				ASSETCATALOG_COMPILER_APPICON_NAME = AppIcon;
				DEVELOPMENT_TEAM = X8E2R8HQQL;
				INFOPLIST_FILE = TaxSystem/Info.plist;
				LD_RUNPATH_SEARCH_PATHS = "$(inherited) @executable_path/Frameworks";
				PRODUCT_BUNDLE_IDENTIFIER = "A-Lime-Studio.TaxSystem";
				PRODUCT_NAME = "$(TARGET_NAME)";
				SWIFT_VERSION = 3.0;
				TARGETED_DEVICE_FAMILY = "1,2";
			};
			name = Release;
		};
/* End XCBuildConfiguration section */

/* Begin XCConfigurationList section */
		953BCCC21F1C87C500377512 /* Build configuration list for PBXProject "TaxSystem" */ = {
			isa = XCConfigurationList;
			buildConfigurations = (
				953BCCD71F1C87C500377512 /* Debug */,
				953BCCD81F1C87C500377512 /* Release */,
			);
			defaultConfigurationIsVisible = 0;
			defaultConfigurationName = Release;
		};
		953BCCD91F1C87C500377512 /* Build configuration list for PBXNativeTarget "TaxSystem" */ = {
			isa = XCConfigurationList;
			buildConfigurations = (
				953BCCDA1F1C87C500377512 /* Debug */,
				953BCCDB1F1C87C500377512 /* Release */,
			);
			defaultConfigurationIsVisible = 0;
			defaultConfigurationName = Release;
		};
/* End XCConfigurationList section */
	};
	rootObject = 953BCCBF1F1C87C500377512 /* Project object */;
}
